
Microsoft Visual Studio Solution File, Format Version 12.00
# Visual Studio 15
VisualStudioVersion = 15.0.26228.9
MinimumVisualStudioVersion = 10.0.40219.1
Project("{FAE04EC0-301F-11D3-BF4B-00C04F79EFBC}") = "MessageBoard.Api", "MessageBoard.Api\MessageBoard.Api.csproj", "{34CED562-D0F4-452A-BA1C-918C3E9E9199}"
	ProjectSection(ProjectDependencies) = postProject
		{04AF9CA9-EBCD-48D3-B1B3-128D974605F3} = {04AF9CA9-EBCD-48D3-B1B3-128D974605F3}
	EndProjectSection
EndProject
Project("{FAE04EC0-301F-11D3-BF4B-00C04F79EFBC}") = "MessageBoard.Core", "MessageBoard.Core\MessageBoard.Core.csproj", "{863C448D-B62E-4D8A-B135-7FE8FDF10450}"
EndProject
Project("{FAE04EC0-301F-11D3-BF4B-00C04F79EFBC}") = "MessageBoard.Tests", "MessageBoard.Tests\MessageBoard.Tests.csproj", "{7F400EEA-3AB0-404C-B927-40DC6EA40715}"
	ProjectSection(ProjectDependencies) = postProject
		{863C448D-B62E-4D8A-B135-7FE8FDF10450} = {863C448D-B62E-4D8A-B135-7FE8FDF10450}
		{04AF9CA9-EBCD-48D3-B1B3-128D974605F3} = {04AF9CA9-EBCD-48D3-B1B3-128D974605F3}
	EndProjectSection
EndProject
Project("{FAE04EC0-301F-11D3-BF4B-00C04F79EFBC}") = "MessageBoard.Tests.EndToEnd", "MessageBoard.Tests.EndToEnd\MessageBoard.Tests.EndToEnd.csproj", "{E37F4F6D-3ACD-4638-B443-AA51B478C7CA}"
EndProject
Project("{FAE04EC0-301F-11D3-BF4B-00C04F79EFBC}") = "MessageBoard.Infrastructure", "MessageBoard.Infrastructure\MessageBoard.Infrastructure.csproj", "{04AF9CA9-EBCD-48D3-B1B3-128D974605F3}"
	ProjectSection(ProjectDependencies) = postProject
		{863C448D-B62E-4D8A-B135-7FE8FDF10450} = {863C448D-B62E-4D8A-B135-7FE8FDF10450}
	EndProjectSection
EndProject
Global
	GlobalSection(SolutionConfigurationPlatforms) = preSolution
		Debug|Any CPU = Debug|Any CPU
		Release|Any CPU = Release|Any CPU
	EndGlobalSection
	GlobalSection(ProjectConfigurationPlatforms) = postSolution
		{34CED562-D0F4-452A-BA1C-918C3E9E9199}.Debug|Any CPU.ActiveCfg = Debug|Any CPU
		{34CED562-D0F4-452A-BA1C-918C3E9E9199}.Debug|Any CPU.Build.0 = Debug|Any CPU
		{34CED562-D0F4-452A-BA1C-918C3E9E9199}.Release|Any CPU.ActiveCfg = Release|Any CPU
		{34CED562-D0F4-452A-BA1C-918C3E9E9199}.Release|Any CPU.Build.0 = Release|Any CPU
		{863C448D-B62E-4D8A-B135-7FE8FDF10450}.Debug|Any CPU.ActiveCfg = Debug|Any CPU
		{863C448D-B62E-4D8A-B135-7FE8FDF10450}.Debug|Any CPU.Build.0 = Debug|Any CPU
		{863C448D-B62E-4D8A-B135-7FE8FDF10450}.Release|Any CPU.ActiveCfg = Release|Any CPU
		{863C448D-B62E-4D8A-B135-7FE8FDF10450}.Release|Any CPU.Build.0 = Release|Any CPU
		{7F400EEA-3AB0-404C-B927-40DC6EA40715}.Debug|Any CPU.ActiveCfg = Debug|Any CPU
		{7F400EEA-3AB0-404C-B927-40DC6EA40715}.Debug|Any CPU.Build.0 = Debug|Any CPU
		{7F400EEA-3AB0-404C-B927-40DC6EA40715}.Release|Any CPU.ActiveCfg = Release|Any CPU
		{7F400EEA-3AB0-404C-B927-40DC6EA40715}.Release|Any CPU.Build.0 = Release|Any CPU
		{E37F4F6D-3ACD-4638-B443-AA51B478C7CA}.Debug|Any CPU.ActiveCfg = Debug|Any CPU
		{E37F4F6D-3ACD-4638-B443-AA51B478C7CA}.Debug|Any CPU.Build.0 = Debug|Any CPU
		{E37F4F6D-3ACD-4638-B443-AA51B478C7CA}.Release|Any CPU.ActiveCfg = Release|Any CPU
		{E37F4F6D-3ACD-4638-B443-AA51B478C7CA}.Release|Any CPU.Build.0 = Release|Any CPU
		{04AF9CA9-EBCD-48D3-B1B3-128D974605F3}.Debug|Any CPU.ActiveCfg = Debug|Any CPU
		{04AF9CA9-EBCD-48D3-B1B3-128D974605F3}.Debug|Any CPU.Build.0 = Debug|Any CPU
		{04AF9CA9-EBCD-48D3-B1B3-128D974605F3}.Release|Any CPU.ActiveCfg = Release|Any CPU
		{04AF9CA9-EBCD-48D3-B1B3-128D974605F3}.Release|Any CPU.Build.0 = Release|Any CPU
	EndGlobalSection
	GlobalSection(SolutionProperties) = preSolution
		HideSolutionNode = FALSE
	EndGlobalSection
EndGlobal
